# THIS IS AN AUTOGENERATED FILE. DO NOT EDIT THIS FILE DIRECTLY.
# yarn lockfile v1


"@lit/reactive-element@^1.0.0-rc.2":
  version "1.0.0-rc.2"
  resolved "https://registry.yarnpkg.com/@lit/reactive-element/-/reactive-element-1.0.0-rc.2.tgz#f24dba16ea571a08dca70f1783bd2ca5ec8de3ee"
  integrity sha512-cujeIl5Ei8FC7UHf4/4Q3bRJOtdTe1vpJV/JEBYCggedmQ+2P8A2oz7eE+Vxi6OJ4nc0X+KZxXnBoH4QrEbmEQ==

"@types/node@^15.12.1":
  version "15.12.1"
  resolved "https://registry.yarnpkg.com/@types/node/-/node-15.12.1.tgz#9b60797dee1895383a725f828a869c86c6caa5c2"
  integrity sha512-zyxJM8I1c9q5sRMtVF+zdd13Jt6RU4r4qfhTd7lQubyThvLfx6yYekWSQjGCGV2Tkecgxnlpl/DNlb6Hg+dmEw==

"@types/trusted-types@^1.0.1":
  version "1.0.6"
  resolved "https://registry.yarnpkg.com/@types/trusted-types/-/trusted-types-1.0.6.tgz#569b8a08121d3203398290d602d84d73c8dcf5da"
  integrity sha512-230RC8sFeHoT6sSUlRO6a8cAnclO06eeiq1QDfiv2FGCLWFvvERWgwIQD4FWqD9A69BN7Lzee4OXwoMVnnsWDw==

colorette@^1.2.2:
  version "1.2.2"
  resolved "https://registry.yarnpkg.com/colorette/-/colorette-1.2.2.tgz#cbcc79d5e99caea2dbf10eb3a26fd8b3e6acfa94"
  integrity sha512-MKGMzyfeuutC/ZJ1cba9NqcNpfeqMUcYmyF1ZFY6/Cn7CNSAKx6a+s48sqLqyAiZuaP2TcqMhoo+dlwFnVxT9w==

esbuild@^0.12.5:
  version "0.12.6"
  resolved "https://registry.yarnpkg.com/esbuild/-/esbuild-0.12.6.tgz#85bc755c7cf3005d4f34b4f10f98049ce0ee67ce"
  integrity sha512-RDvVLvAjsq/kIZJoneMiUOH7EE7t2QaW7T3Q7EdQij14+bZbDq5sndb0tTanmHIFSqZVMBMMyqzVHkS3dJobeA==

fsevents@~2.3.1:
  version "2.3.2"
  resolved "https://registry.yarnpkg.com/fsevents/-/fsevents-2.3.2.tgz#8a526f78b8fdf4623b709e0b975c52c24c02fd1a"
  integrity sha512-xiqMQR4xAeHTuB9uWm+fFRcIOgKBMiOBP+eXiyT7jsgVCq1bkVygt00oASowB7EdtpOHaaPgKt812P9ab+DDKA==

function-bind@^1.1.1:
  version "1.1.1"
  resolved "https://registry.yarnpkg.com/function-bind/-/function-bind-1.1.1.tgz#a56899d3ea3c9bab874bb9773b7c5ede92f4895d"
  integrity sha512-yIovAzMX49sF8Yl58fSCWJ5svSLuaibPxXQJFLmBObTuCr0Mf1KiPopGM9NiFjiYBCbfaa2Fh6breQ6ANVTI0A==

has@^1.0.3:
  version "1.0.3"
  resolved "https://registry.yarnpkg.com/has/-/has-1.0.3.tgz#722d7cbfc1f6aa8241f16dd814e011e1f41e8796"
  integrity sha512-f2dvO0VU6Oej7RkWJGrehjbzMAjFp5/VKPp5tTpWIV4JHHZK1/BxbFRtf/siA2SWTe09caDmVtYYzWEIbBS4zw==
  dependencies:
    function-bind "^1.1.1"

is-core-module@^2.2.0:
  version "2.4.0"
  resolved "https://registry.yarnpkg.com/is-core-module/-/is-core-module-2.4.0.tgz#8e9fc8e15027b011418026e98f0e6f4d86305cc1"
  integrity sha512-6A2fkfq1rfeQZjxrZJGerpLCTHRNEBiSgnu0+obeJpEPZRUooHgsizvzv0ZjJwOz3iWIHdJtVWJ/tmPr3D21/A==
  dependencies:
    has "^1.0.3"

lit-element@^3.0.0-rc.2:
  version "3.0.0-rc.2"
  resolved "https://registry.yarnpkg.com/lit-element/-/lit-element-3.0.0-rc.2.tgz#883d0b6fd7b846226d360699d1b713da5fc7e1b7"
  integrity sha512-2Z7DabJ3b5K+p5073vFjMODoaWqy5PIaI4y6ADKm+fCGc8OnX9fU9dMoUEBZjFpd/bEFR9PBp050tUtBnT9XTQ==
  dependencies:
    "@lit/reactive-element" "^1.0.0-rc.2"
    lit-html "^2.0.0-rc.3"

lit-html@^2.0.0-rc.3:
  version "2.0.0-rc.3"
  resolved "https://registry.yarnpkg.com/lit-html/-/lit-html-2.0.0-rc.3.tgz#1c216e548630e18d3093d97f4e29563abce659af"
  integrity sha512-Y6P8LlAyQuqvzq6l/Nc4z5/P5M/rVLYKQIRxcNwSuGajK0g4kbcBFQqZmgvqKG+ak+dHZjfm2HUw9TF5N/pkCw==
  dependencies:
    "@types/trusted-types" "^1.0.1"

lit@^2.0.0-rc.2:
  version "2.0.0-rc.2"
  resolved "https://registry.yarnpkg.com/lit/-/lit-2.0.0-rc.2.tgz#724a2d621aa098001d73bf7106f3a72b7b5948ef"
  integrity sha512-BOCuoJR04WaTV8UqTKk09cNcQA10Aq2LCcBOiHuF7TzWH5RNDsbCBP5QM9sLBSotGTXbDug/gFO08jq6TbyEtw==
  dependencies:
    "@lit/reactive-element" "^1.0.0-rc.2"
    lit-element "^3.0.0-rc.2"
    lit-html "^2.0.0-rc.3"

nanoid@^3.1.23:
  version "3.1.23"
  resolved "https://registry.yarnpkg.com/nanoid/-/nanoid-3.1.23.tgz#f744086ce7c2bc47ee0a8472574d5c78e4183a81"
  integrity sha512-FiB0kzdP0FFVGDKlRLEQ1BgDzU87dy5NnzjeW9YZNt+/c3+q82EQDUwniSAUxp/F0gFNI1ZhKU1FqYsMuqZVnw==

path-parse@^1.0.6:
  version "1.0.7"
  resolved "https://registry.yarnpkg.com/path-parse/-/path-parse-1.0.7.tgz#fbc114b60ca42b30d9daf5858e4bd68bbedb6735"
  integrity sha512-LDJzPVEEEPR+y48z93A0Ed0yXb8pAByGWo/k5YYdYgpY2/2EsOsksJrq7lOHxryrVOn1ejG6oAp8ahvOIQD8sw==

postcss@^8.2.10:
  version "8.3.0"
  resolved "https://registry.yarnpkg.com/postcss/-/postcss-8.3.0.tgz#b1a713f6172ca427e3f05ef1303de8b65683325f"
  integrity sha512-+ogXpdAjWGa+fdYY5BQ96V/6tAo+TdSSIMP5huJBIygdWwKtVoB5JWZ7yUd4xZ8r+8Kvvx4nyg/PQ071H4UtcQ==
  dependencies:
    colorette "^1.2.2"
    nanoid "^3.1.23"
    source-map-js "^0.6.2"

resolve@^1.19.0:
  version "1.20.0"
  resolved "https://registry.yarnpkg.com/resolve/-/resolve-1.20.0.tgz#629a013fb3f70755d6f0b7935cc1c2c5378b1975"
  integrity sha512-wENBPt4ySzg4ybFQW2TT1zMQucPK95HSh/nq2CFTZVOGut2+pQvSsgtda4d26YrYcr067wjbmzOG8byDPBX63A==
  dependencies:
    is-core-module "^2.2.0"
    path-parse "^1.0.6"

rollup@^2.38.5:
  version "2.50.6"
  resolved "https://registry.yarnpkg.com/rollup/-/rollup-2.50.6.tgz#24e2211caf9031081656e98a5e5e94d3b5e786e2"
  integrity sha512-6c5CJPLVgo0iNaZWWliNu1Kl43tjP9LZcp6D/tkf2eLH2a9/WeHxg9vfTFl8QV/2SOyaJX37CEm9XuGM0rviUg==
  optionalDependencies:
    fsevents "~2.3.1"

source-map-js@^0.6.2:
  version "0.6.2"
  resolved "https://registry.yarnpkg.com/source-map-js/-/source-map-js-0.6.2.tgz#0bb5de631b41cfbda6cfba8bd05a80efdfd2385e"
  integrity sha512-/3GptzWzu0+0MBQFrDKzw/DvvMTUORvgY6k6jd/VS6iCR4RDTKWH6v6WPwQoUO8667uQEf9Oe38DxAYWY5F/Ug==

vite@^2.3.6:
  version "2.3.6"
  resolved "https://registry.yarnpkg.com/vite/-/vite-2.3.6.tgz#1f7cfde88a51a802d69000c7bac85d481c2e871c"
  integrity sha512-fsEpNKDHgh3Sn66JH06ZnUBnIgUVUtw6ucDhlOj1CEqxIkymU25yv1/kWDPlIjyYHnalr0cN6V+zzUJ+fmWHYw==
  dependencies:
    esbuild "^0.12.5"
    postcss "^8.2.10"
    resolve "^1.19.0"
    rollup "^2.38.5"
  optionalDependencies:
    fsevents "~2.3.1"
